
Microsoft Visual Studio Solution File, Format Version 12.00
# Visual Studio Version 17
VisualStudioVersion = 17.6.33723.286
MinimumVisualStudioVersion = 10.0.40219.1
Project("{FAE04EC0-301F-11D3-BF4B-00C04F79EFBC}") = "PortfolioMain", "PortfolioMain\PortfolioMain.csproj", "{FCB819C7-1488-4105-AD7D-39D7EA37DFA6}"
EndProject
Global
	GlobalSection(SolutionConfigurationPlatforms) = preSolution
		Debug|Any CPU = Debug|Any CPU
		Release|Any CPU = Release|Any CPU
	EndGlobalSection
	GlobalSection(ProjectConfigurationPlatforms) = postSolution
		{FCB819C7-1488-4105-AD7D-39D7EA37DFA6}.Debug|Any CPU.ActiveCfg = Debug|Any CPU
		{FCB819C7-1488-4105-AD7D-39D7EA37DFA6}.Debug|Any CPU.Build.0 = Debug|Any CPU
		{FCB819C7-1488-4105-AD7D-39D7EA37DFA6}.Release|Any CPU.ActiveCfg = Release|Any CPU
		{FCB819C7-1488-4105-AD7D-39D7EA37DFA6}.Release|Any CPU.Build.0 = Release|Any CPU
	EndGlobalSection
	GlobalSection(SolutionProperties) = preSolution
		HideSolutionNode = FALSE
	EndGlobalSection
	GlobalSection(ExtensibilityGlobals) = postSolution
		SolutionGuid = {2626D2C7-23AF-425D-82D8-3FD110265C93}
	EndGlobalSection
EndGlobal
